{
  "name": "changjiang_pms_v2",
  "version": "1.0.0",
  "lockfileVersion": 1,
  "requires": true,
  "dependencies": {
    "add-dom-event-listener": {
      "version": "1.0.2",
      "resolved": "http://registry.npm.taobao.org/add-dom-event-listener/download/add-dom-event-listener-1.0.2.tgz",
      "integrity": "sha1-j67SxBAIchzxEdodMNmVuFvkK+0=",
      "requires": {
        "object-assign": "4.1.1"
      }
    },
    "antd": {
      "version": "2.12.8",
      "resolved": "http://registry.npm.taobao.org/antd/download/antd-2.12.8.tgz",
      "integrity": "sha1-fv0cfSsMRSt8QN5XRTylBvsm2vo=",
      "requires": {
        "array-tree-filter": "1.0.1",
        "babel-runtime": "6.26.0",
        "classnames": "2.2.5",
        "create-react-class": "15.6.0",
        "css-animation": "1.4.1",
        "dom-closest": "0.2.0",
        "lodash.debounce": "4.0.8",
        "moment": "2.18.1",
        "omit.js": "1.0.0",
        "prop-types": "15.5.10",
        "rc-animate": "2.4.1",
        "rc-calendar": "9.0.1",
        "rc-cascader": "0.11.4",
        "rc-checkbox": "2.0.3",
        "rc-collapse": "1.7.6",
        "rc-dialog": "6.5.11",
        "rc-dropdown": "1.5.0",
        "rc-editor-mention": "0.6.12",
        "rc-form": "1.4.7",
        "rc-input-number": "3.6.6",
        "rc-menu": "5.0.10",
        "rc-notification": "2.0.5",
        "rc-pagination": "1.11.0",
        "rc-progress": "2.2.2",
        "rc-rate": "2.1.1",
        "rc-select": "6.8.10",
        "rc-slider": "8.2.0",
        "rc-steps": "2.5.1",
        "rc-switch": "1.5.2",
        "rc-table": "5.6.1",
        "rc-tabs": "9.1.4",
        "rc-time-picker": "2.4.1",
        "rc-tooltip": "3.4.8",
        "rc-tree": "1.7.3",
        "rc-tree-select": "1.10.5",
        "rc-upload": "2.4.0",
        "rc-util": "4.0.4",
        "react-lazy-load": "3.0.12",
        "react-slick": "0.14.11",
        "shallowequal": "1.0.2",
        "warning": "3.0.0"
      },
      "dependencies": {
        "moment": {
          "version": "2.18.1",
          "resolved": "http://registry.npm.taobao.org/moment/download/moment-2.18.1.tgz",
          "integrity": "sha1-w2GT3Tzhwu7SrbfIAtu8d6gbHA8="
        }
      }
    },
    "array-tree-filter": {
      "version": "1.0.1",
      "resolved": "http://registry.npm.taobao.org/array-tree-filter/download/array-tree-filter-1.0.1.tgz",
      "integrity": "sha1-CorR7v04zoiFhjL5zAQj12NOTV0="
    },
    "asap": {
      "version": "2.0.6",
      "resolved": "http://registry.npm.taobao.org/asap/download/asap-2.0.6.tgz",
      "integrity": "sha1-5QNHYR1+aQlDIIu9r+vLwvuGbUY="
    },
    "async-validator": {
      "version": "1.8.0",
      "resolved": "http://registry.npm.taobao.org/async-validator/download/async-validator-1.8.0.tgz",
      "integrity": "sha1-Indem09I9yZHLmCCMoFQIWG2sUM=",
      "requires": {
        "babel-runtime": "6.26.0"
      }
    },
    "babel-plugin-lodash": {
      "version": "3.2.11",
      "resolved": "https://registry.npmjs.org/babel-plugin-lodash/-/babel-plugin-lodash-3.2.11.tgz",
      "integrity": "sha1-Icj97J/hg176pzeHPjkCvdZtVwE=",
      "dev": true,
      "requires": {
        "glob": "7.1.2",
        "lodash": "4.17.4"
      }
    },
    "babel-runtime": {
      "version": "6.26.0",
      "resolved": "http://registry.npm.taobao.org/babel-runtime/download/babel-runtime-6.26.0.tgz",
      "integrity": "sha1-llxwWGaOgrVde/4E/yM3vItWR/4=",
      "requires": {
        "core-js": "2.5.0",
        "regenerator-runtime": "0.11.0"
      }
    },
    "balanced-match": {
      "version": "0.4.2",
      "resolved": "https://registry.npmjs.org/balanced-match/-/balanced-match-0.4.2.tgz",
      "integrity": "sha1-yz8+PHMtwPAe5wtAPzAuYddwmDg=",
      "dev": true
    },
    "brace-expansion": {
      "version": "1.1.7",
      "resolved": "https://registry.npmjs.org/brace-expansion/-/brace-expansion-1.1.7.tgz",
      "integrity": "sha1-Pv/DxQ4ABTH7cg6v+A8K6O8jz1k=",
      "dev": true,
      "requires": {
        "balanced-match": "0.4.2",
        "concat-map": "0.0.1"
      }
    },
    "can-use-dom": {
      "version": "0.1.0",
      "resolved": "http://registry.npm.taobao.org/can-use-dom/download/can-use-dom-0.1.0.tgz",
      "integrity": "sha1-IsxKNKCrxDlQ9CxkEQJKP2NmtFo="
    },
    "classnames": {
      "version": "2.2.5",
      "resolved": "http://registry.npm.taobao.org/classnames/download/classnames-2.2.5.tgz",
      "integrity": "sha1-+zgB1FNGdknvNgPH1hoCvRKb3m0="
    },
    "component-classes": {
      "version": "1.2.6",
      "resolved": "http://registry.npm.taobao.org/component-classes/download/component-classes-1.2.6.tgz",
      "integrity": "sha1-xkI5TDYYpNiwuJGe/Mu9kw5c1pE=",
      "requires": {
        "component-indexof": "0.0.3"
      }
    },
    "component-indexof": {
      "version": "0.0.3",
      "resolved": "http://registry.npm.taobao.org/component-indexof/download/component-indexof-0.0.3.tgz",
      "integrity": "sha1-EdCRMSI5648yyPJa6csAL/6NPCQ="
    },
    "concat-map": {
      "version": "0.0.1",
      "resolved": "https://registry.npmjs.org/concat-map/-/concat-map-0.0.1.tgz",
      "integrity": "sha1-2Klr13/Wjfd5OnMDajug1UBdR3s=",
      "dev": true
    },
    "core-js": {
      "version": "2.5.0",
      "resolved": "http://registry.npm.taobao.org/core-js/download/core-js-2.5.0.tgz",
      "integrity": "sha1-VpwFCRi+ZIazg3VSAorgRmtxcIY="
    },
    "create-react-class": {
      "version": "15.6.0",
      "resolved": "http://registry.npm.taobao.org/create-react-class/download/create-react-class-15.6.0.tgz",
      "integrity": "sha1-q0SEl8JlZuHilBPogyB9V8/nvtQ=",
      "requires": {
        "fbjs": "0.8.14",
        "loose-envify": "1.3.1",
        "object-assign": "4.1.1"
      }
    },
    "css-animation": {
      "version": "1.4.1",
      "resolved": "http://registry.npm.taobao.org/css-animation/download/css-animation-1.4.1.tgz",
      "integrity": "sha1-W4gTEl3g+7uwu+G0cq6EIhRpt6g=",
      "requires": {
        "babel-runtime": "6.26.0",
        "component-classes": "1.2.6"
      }
    },
    "dom-align": {
      "version": "1.6.4",
      "resolved": "http://registry.npm.taobao.org/dom-align/download/dom-align-1.6.4.tgz",
      "integrity": "sha1-dwKkA1Lr8p8xVRKWdW0I2uKzw/o="
    },
    "dom-closest": {
      "version": "0.2.0",
      "resolved": "http://registry.npm.taobao.org/dom-closest/download/dom-closest-0.2.0.tgz",
      "integrity": "sha1-69n5HRvyLo1vR3h2u80+yQIWwM8=",
      "requires": {
        "dom-matches": "2.0.0"
      }
    },
    "dom-matches": {
      "version": "2.0.0",
      "resolved": "http://registry.npm.taobao.org/dom-matches/download/dom-matches-2.0.0.tgz",
      "integrity": "sha1-0nKLQWqHUzmA6wibhI0lPPI6dYw="
    },
    "dom-scroll-into-view": {
      "version": "1.2.1",
      "resolved": "http://registry.npm.taobao.org/dom-scroll-into-view/download/dom-scroll-into-view-1.2.1.tgz",
      "integrity": "sha1-6PNnMt0ImwIBqI14Fdw/iObWbH4="
    },
    "draft-js": {
      "version": "0.10.1",
      "resolved": "http://registry.npm.taobao.org/draft-js/download/draft-js-0.10.1.tgz",
      "integrity": "sha1-bxIZ2AlXKWkUKcpv16WNKovly2c=",
      "requires": {
        "fbjs": "0.8.14",
        "immutable": "3.7.6",
        "object-assign": "4.1.1"
      },
      "dependencies": {
        "immutable": {
          "version": "3.7.6",
          "resolved": "http://registry.npm.taobao.org/immutable/download/immutable-3.7.6.tgz",
          "integrity": "sha1-E7TTyxK++hVIKib+Gy665kAHHks="
        }
      }
    },
    "encoding": {
      "version": "0.1.12",
      "resolved": "http://registry.npm.taobao.org/encoding/download/encoding-0.1.12.tgz",
      "integrity": "sha1-U4tm8+5izRq1HsMjgp0flIDHS+s=",
      "requires": {
        "iconv-lite": "0.4.18"
      }
    },
    "enquire.js": {
      "version": "2.1.6",
      "resolved": "http://registry.npm.taobao.org/enquire.js/download/enquire.js-2.1.6.tgz",
      "integrity": "sha1-PoeAybi4NQhMP2DhZtvDwqPImBQ="
    },
    "eventlistener": {
      "version": "0.0.1",
      "resolved": "http://registry.npm.taobao.org/eventlistener/download/eventlistener-0.0.1.tgz",
      "integrity": "sha1-7Suqu4UiJ68rz4iRUscsY8pTLrg="
    },
    "fbjs": {
      "version": "0.8.14",
      "resolved": "http://registry.npm.taobao.org/fbjs/download/fbjs-0.8.14.tgz",
      "integrity": "sha1-0dviviVMNakeCfMfnNUKQLKg7Rw=",
      "requires": {
        "core-js": "1.2.7",
        "isomorphic-fetch": "2.2.1",
        "loose-envify": "1.3.1",
        "object-assign": "4.1.1",
        "promise": "7.3.1",
        "setimmediate": "1.0.5",
        "ua-parser-js": "0.7.14"
      },
      "dependencies": {
        "core-js": {
          "version": "1.2.7",
          "resolved": "http://registry.npm.taobao.org/core-js/download/core-js-1.2.7.tgz",
          "integrity": "sha1-ZSKUwUZR2yj6k70tX/KYOk8IxjY="
        },
        "promise": {
          "version": "7.3.1",
          "resolved": "http://registry.npm.taobao.org/promise/download/promise-7.3.1.tgz",
          "integrity": "sha1-BktyYCsY+Q8pGSuLG8QY/9Hr078=",
          "requires": {
            "asap": "2.0.6"
          }
        }
      }
    },
    "fs.realpath": {
      "version": "1.0.0",
      "resolved": "https://registry.npmjs.org/fs.realpath/-/fs.realpath-1.0.0.tgz",
      "integrity": "sha1-FQStJSMVjKpA20onh8sBQRmU6k8=",
      "dev": true
    },
    "glob": {
      "version": "7.1.2",
      "resolved": "https://registry.npmjs.org/glob/-/glob-7.1.2.tgz",
      "integrity": "sha512-MJTUg1kjuLeQCJ+ccE4Vpa6kKVXkPYJ2mOCQyUuKLcLQsdrMCpBPUi8qVE6+YuaJkozeA9NusTAw3hLr8Xe5EQ==",
      "dev": true,
      "requires": {
        "fs.realpath": "1.0.0",
        "inflight": "1.0.6",
        "inherits": "2.0.3",
        "minimatch": "3.0.4",
        "once": "1.4.0",
        "path-is-absolute": "1.0.1"
      }
    },
    "hammerjs": {
      "version": "2.0.8",
      "resolved": "http://registry.npm.taobao.org/hammerjs/download/hammerjs-2.0.8.tgz",
      "integrity": "sha1-BO93hiz/K7edMPdpIJWTAiK/YPE="
    },
    "hoist-non-react-statics": {
      "version": "1.2.0",
      "resolved": "http://registry.npm.taobao.org/hoist-non-react-statics/download/hoist-non-react-statics-1.2.0.tgz",
      "integrity": "sha1-qkSM8JhtVcxAdzsXF0t90GbLfPs="
    },
    "iconv-lite": {
      "version": "0.4.18",
      "resolved": "http://registry.npm.taobao.org/iconv-lite/download/iconv-lite-0.4.18.tgz",
      "integrity": "sha1-I9hlaxaq5nQqwpcy6o8DNqR4nPI="
    },
    "immutable": {
      "version": "3.8.1",
      "resolved": "http://registry.npm.taobao.org/immutable/download/immutable-3.8.1.tgz",
      "integrity": "sha1-IAgH8Rqw9ycQ6khVQt4IgHX2jNI="
    },
    "inflight": {
      "version": "1.0.6",
      "resolved": "https://registry.npmjs.org/inflight/-/inflight-1.0.6.tgz",
      "integrity": "sha1-Sb1jMdfQLQwJvJEKEHW6gWW1bfk=",
      "dev": true,
      "requires": {
        "once": "1.4.0",
        "wrappy": "1.0.2"
      }
    },
    "inherits": {
      "version": "2.0.3",
      "resolved": "https://registry.npmjs.org/inherits/-/inherits-2.0.3.tgz",
      "integrity": "sha1-Yzwsg+PaQqUC9SRmAiSA9CCCYd4=",
      "dev": true
    },
    "is-stream": {
      "version": "1.1.0",
      "resolved": "http://registry.npm.taobao.org/is-stream/download/is-stream-1.1.0.tgz",
      "integrity": "sha1-EtSj3U5o4Lec6428hBc66A2RykQ="
    },
    "isomorphic-fetch": {
      "version": "2.2.1",
      "resolved": "http://registry.npm.taobao.org/isomorphic-fetch/download/isomorphic-fetch-2.2.1.tgz",
      "integrity": "sha1-YRrhrPFPXoH3KVB0coGf6XM1WKk=",
      "requires": {
        "node-fetch": "1.7.2",
        "whatwg-fetch": "2.0.3"
      }
    },
    "jquery": {
      "version": "3.2.1",
      "resolved": "http://registry.npm.taobao.org/jquery/download/jquery-3.2.1.tgz",
      "integrity": "sha1-XE2d5lKvbNCncBVKYxu6ErAVx4c="
    },
    "js-tokens": {
      "version": "3.0.2",
      "resolved": "http://registry.npm.taobao.org/js-tokens/download/js-tokens-3.0.2.tgz",
      "integrity": "sha1-mGbfOVECEw449/mWvOtlRDIJwls="
    },
    "json2mq": {
      "version": "0.2.0",
      "resolved": "http://registry.npm.taobao.org/json2mq/download/json2mq-0.2.0.tgz",
      "integrity": "sha1-tje9O6nqvhIsg+lyBIOusQ0skEo=",
      "requires": {
        "string-convert": "0.2.1"
      }
    },
    "lodash": {
      "version": "4.17.4",
      "resolved": "https://registry.npmjs.org/lodash/-/lodash-4.17.4.tgz",
      "integrity": "sha1-eCA6TRwyiuHYbcpkYONptX9AVa4="
    },
    "lodash._getnative": {
      "version": "3.9.1",
      "resolved": "http://registry.npm.taobao.org/lodash._getnative/download/lodash._getnative-3.9.1.tgz",
      "integrity": "sha1-VwvH3t5G1hzc3mh9ZdPuy6o6r/U="
    },
    "lodash.debounce": {
      "version": "4.0.8",
      "resolved": "http://registry.npm.taobao.org/lodash.debounce/download/lodash.debounce-4.0.8.tgz",
      "integrity": "sha1-gteb/zCmfEAF/9XiUVMArZyk168="
    },
    "lodash.get": {
      "version": "4.4.2",
      "resolved": "http://registry.npm.taobao.org/lodash.get/download/lodash.get-4.4.2.tgz",
      "integrity": "sha1-LRd/ZS+jHpObRDjVNBSZ36OCXpk="
    },
    "lodash.isarguments": {
      "version": "3.1.0",
      "resolved": "http://registry.npm.taobao.org/lodash.isarguments/download/lodash.isarguments-3.1.0.tgz",
      "integrity": "sha1-L1c9hcaiQon/AGY7SRwdM4/zRYo="
    },
    "lodash.isarray": {
      "version": "3.0.4",
      "resolved": "http://registry.npm.taobao.org/lodash.isarray/download/lodash.isarray-3.0.4.tgz",
      "integrity": "sha1-eeTriMNqgSKvhvhEqpvNhRtfu1U="
    },
    "lodash.keys": {
      "version": "3.1.2",
      "resolved": "http://registry.npm.taobao.org/lodash.keys/download/lodash.keys-3.1.2.tgz",
      "integrity": "sha1-TbwEcrFWvlCgsoaFXRvQsMZWCYo=",
      "requires": {
        "lodash._getnative": "3.9.1",
        "lodash.isarguments": "3.1.0",
        "lodash.isarray": "3.0.4"
      }
    },
    "lodash.throttle": {
      "version": "4.1.1",
      "resolved": "http://registry.npm.taobao.org/lodash.throttle/download/lodash.throttle-4.1.1.tgz",
      "integrity": "sha1-wj6RtxAkKscMN/HhzaknTMOb8vQ="
    },
    "loose-envify": {
      "version": "1.3.1",
      "resolved": "http://registry.npm.taobao.org/loose-envify/download/loose-envify-1.3.1.tgz",
      "integrity": "sha1-0aitM/qc4OcT1l/dCsi3SNR4yEg=",
      "requires": {
        "js-tokens": "3.0.2"
      }
    },
    "minimatch": {
      "version": "3.0.4",
      "resolved": "https://registry.npmjs.org/minimatch/-/minimatch-3.0.4.tgz",
      "integrity": "sha512-yJHVQEhyqPLUTgt9B83PXu6W3rx4MvvHvSUvToogpwoGDOUQ+yDrR0HRot+yOCdCO7u4hX3pWft6kWBBcqh0UA==",
      "dev": true,
      "requires": {
        "brace-expansion": "1.1.7"
      }
    },
    "node-fetch": {
      "version": "1.7.2",
      "resolved": "http://registry.npm.taobao.org/node-fetch/download/node-fetch-1.7.2.tgz",
      "integrity": "sha1-xU6arFfkModSM1JfPIkcQVn/79c=",
      "requires": {
        "encoding": "0.1.12",
        "is-stream": "1.1.0"
      }
    },
    "object-assign": {
      "version": "4.1.1",
      "resolved": "http://registry.npm.taobao.org/object-assign/download/object-assign-4.1.1.tgz",
      "integrity": "sha1-IQmtx5ZYh8/AXLvUQsrIv7s2CGM="
    },
    "omit.js": {
      "version": "1.0.0",
      "resolved": "http://registry.npm.taobao.org/omit.js/download/omit.js-1.0.0.tgz",
      "integrity": "sha1-4BPLhqdRe5z298+w3bQpclapkog=",
      "requires": {
        "babel-runtime": "6.26.0"
      }
    },
    "once": {
      "version": "1.4.0",
      "resolved": "https://registry.npmjs.org/once/-/once-1.4.0.tgz",
      "integrity": "sha1-WDsap3WWHUsROsF9nFC6753Xa9E=",
      "dev": true,
      "requires": {
        "wrappy": "1.0.2"
      }
    },
    "path-is-absolute": {
      "version": "1.0.1",
      "resolved": "https://registry.npmjs.org/path-is-absolute/-/path-is-absolute-1.0.1.tgz",
      "integrity": "sha1-F0uSaHNVNP+8es5r9TpanhtcX18=",
      "dev": true
    },
    "prop-types": {
      "version": "15.5.10",
      "resolved": "http://registry.npm.taobao.org/prop-types/download/prop-types-15.5.10.tgz",
      "integrity": "sha1-J5ffwxJhguOpXj37suiT3ddFYVQ=",
      "requires": {
        "fbjs": "0.8.14",
        "loose-envify": "1.3.1"
      }
    },
    "rc-align": {
      "version": "2.3.4",
      "resolved": "http://registry.npm.taobao.org/rc-align/download/rc-align-2.3.4.tgz",
      "integrity": "sha1-2Dvat1YPAULnKj3h1JXatroiUkk=",
      "requires": {
        "dom-align": "1.6.4",
        "prop-types": "15.5.10",
        "rc-util": "4.0.4"
      }
    },
    "rc-animate": {
      "version": "2.4.1",
      "resolved": "http://registry.npm.taobao.org/rc-animate/download/rc-animate-2.4.1.tgz",
      "integrity": "sha1-3z4PVv4Qav5L9S/0CM7SQcUXiRk=",
      "requires": {
        "babel-runtime": "6.26.0",
        "css-animation": "1.4.1",
        "prop-types": "15.5.10"
      }
    },
    "rc-calendar": {
      "version": "9.0.1",
      "resolved": "http://registry.npm.taobao.org/rc-calendar/download/rc-calendar-9.0.1.tgz",
      "integrity": "sha1-olnnDqLOr/6v2W+cayRi2qvu6pI=",
      "requires": {
        "babel-runtime": "6.26.0",
        "classnames": "2.2.5",
        "create-react-class": "15.6.0",
        "moment": "2.18.1",
        "prop-types": "15.5.10",
        "rc-trigger": "1.11.3",
        "rc-util": "4.0.4"
      },
      "dependencies": {
        "moment": {
          "version": "2.18.1",
          "resolved": "http://registry.npm.taobao.org/moment/download/moment-2.18.1.tgz",
          "integrity": "sha1-w2GT3Tzhwu7SrbfIAtu8d6gbHA8="
        }
      }
    },
    "rc-cascader": {
      "version": "0.11.4",
      "resolved": "http://registry.npm.taobao.org/rc-cascader/download/rc-cascader-0.11.4.tgz",
      "integrity": "sha1-Rr+TNpp8SpGF0n9f/7NfRTvt4xo=",
      "requires": {
        "array-tree-filter": "1.0.1",
        "prop-types": "15.5.10",
        "rc-trigger": "1.11.3",
        "rc-util": "4.0.4",
        "shallow-equal": "1.0.0"
      }
    },
    "rc-checkbox": {
      "version": "2.0.3",
      "resolved": "http://registry.npm.taobao.org/rc-checkbox/download/rc-checkbox-2.0.3.tgz",
      "integrity": "sha1-Q2qdUIlI4iSYDwU16nOLSBd6jyU=",
      "requires": {
        "babel-runtime": "6.26.0",
        "classnames": "2.2.5",
        "prop-types": "15.5.10",
        "rc-util": "4.0.4"
      }
    },
    "rc-collapse": {
      "version": "1.7.6",
      "resolved": "http://registry.npm.taobao.org/rc-collapse/download/rc-collapse-1.7.6.tgz",
      "integrity": "sha1-ZEM1Etkh91DfYUM+Z1u5VHul72s=",
      "requires": {
        "classnames": "2.2.5",
        "css-animation": "1.4.1",
        "prop-types": "15.5.10",
        "rc-animate": "2.4.1"
      }
    },
    "rc-dialog": {
      "version": "6.5.11",
      "resolved": "http://registry.npm.taobao.org/rc-dialog/download/rc-dialog-6.5.11.tgz",
      "integrity": "sha1-pu9NgaeAGlTpkjJzxgXdUh1/sUI=",
      "requires": {
        "babel-runtime": "6.26.0",
        "create-react-class": "15.6.0",
        "object-assign": "4.1.1",
        "rc-animate": "2.4.1",
        "rc-util": "4.0.4"
      }
    },
    "rc-dropdown": {
      "version": "1.5.0",
      "resolved": "http://registry.npm.taobao.org/rc-dropdown/download/rc-dropdown-1.5.0.tgz",
      "integrity": "sha1-JkjqeLTVZkbvMGl4hz0/qJk7jEg=",
      "requires": {
        "prop-types": "15.5.10",
        "rc-trigger": "1.11.3"
      }
    },
    "rc-editor-core": {
      "version": "0.7.8",
      "resolved": "http://registry.npm.taobao.org/rc-editor-core/download/rc-editor-core-0.7.8.tgz",
      "integrity": "sha1-3bgsyDtYcbWgV+ULANF4Zsyd1wc=",
      "requires": {
        "draft-js": "0.10.1",
        "immutable": "3.8.1",
        "lodash": "4.17.4",
        "prop-types": "15.5.10",
        "setimmediate": "1.0.5"
      }
    },
    "rc-editor-mention": {
      "version": "0.6.12",
      "resolved": "http://registry.npm.taobao.org/rc-editor-mention/download/rc-editor-mention-0.6.12.tgz",
      "integrity": "sha1-Xfo0jF7ZprDPWMFdK3NBv98ronY=",
      "requires": {
        "classnames": "2.2.5",
        "dom-scroll-into-view": "1.2.1",
        "draft-js": "0.10.1",
        "immutable": "3.8.1",
        "prop-types": "15.5.10",
        "rc-animate": "2.4.1",
        "rc-editor-core": "0.7.8"
      }
    },
    "rc-form": {
      "version": "1.4.7",
      "resolved": "http://registry.npm.taobao.org/rc-form/download/rc-form-1.4.7.tgz",
      "integrity": "sha1-VTOK1UAWubZrVdfy9TbKk9n9bak=",
      "requires": {
        "async-validator": "1.8.0",
        "babel-runtime": "6.26.0",
        "create-react-class": "15.6.0",
        "dom-scroll-into-view": "1.2.1",
        "hoist-non-react-statics": "1.2.0",
        "lodash": "4.17.4",
        "warning": "3.0.0"
      }
    },
    "rc-hammerjs": {
      "version": "0.6.8",
      "resolved": "http://registry.npm.taobao.org/rc-hammerjs/download/rc-hammerjs-0.6.8.tgz",
      "integrity": "sha1-3FD6/zXszpqCKjONWSBqli4Joj0=",
      "requires": {
        "babel-runtime": "6.26.0",
        "hammerjs": "2.0.8",
        "prop-types": "15.5.10"
      }
    },
    "rc-input-number": {
      "version": "3.6.6",
      "resolved": "http://registry.npm.taobao.org/rc-input-number/download/rc-input-number-3.6.6.tgz",
      "integrity": "sha1-1nhAev1cAH/oH9dnELwTy26YG8o=",
      "requires": {
        "babel-runtime": "6.26.0",
        "classnames": "2.2.5",
        "create-react-class": "15.6.0",
        "prop-types": "15.5.10",
        "rc-touchable": "1.2.3"
      }
    },
    "rc-menu": {
      "version": "5.0.10",
      "resolved": "http://registry.npm.taobao.org/rc-menu/download/rc-menu-5.0.10.tgz",
      "integrity": "sha1-JmzxLlhEuiYGcwuRmEItoE0QK34=",
      "requires": {
        "babel-runtime": "6.26.0",
        "classnames": "2.2.5",
        "create-react-class": "15.6.0",
        "dom-scroll-into-view": "1.2.1",
        "prop-types": "15.5.10",
        "rc-animate": "2.4.1",
        "rc-util": "4.0.4"
      }
    },
    "rc-notification": {
      "version": "2.0.5",
      "resolved": "http://registry.npm.taobao.org/rc-notification/download/rc-notification-2.0.5.tgz",
      "integrity": "sha1-ksMAoSSsh66l97tv5XMHyb5K/dg=",
      "requires": {
        "babel-runtime": "6.26.0",
        "classnames": "2.2.5",
        "prop-types": "15.5.10",
        "rc-animate": "2.4.1",
        "rc-util": "4.0.4"
      }
    },
    "rc-pagination": {
      "version": "1.11.0",
      "resolved": "http://registry.npm.taobao.org/rc-pagination/download/rc-pagination-1.11.0.tgz",
      "integrity": "sha1-sw0PBo4p7wCaxk3mVNaGVGWeGz4=",
      "requires": {
        "babel-runtime": "6.26.0",
        "prop-types": "15.5.10"
      }
    },
    "rc-progress": {
      "version": "2.2.2",
      "resolved": "http://registry.npm.taobao.org/rc-progress/download/rc-progress-2.2.2.tgz",
      "integrity": "sha1-F58yIhjFM74nvl3fTvbyDh4ih2k=",
      "requires": {
        "babel-runtime": "6.26.0",
        "prop-types": "15.5.10"
      }
    },
    "rc-rate": {
      "version": "2.1.1",
      "resolved": "http://registry.npm.taobao.org/rc-rate/download/rc-rate-2.1.1.tgz",
      "integrity": "sha1-iK7aiz1kcLuuT2UYxlKgKpWb3cU=",
      "requires": {
        "classnames": "2.2.5",
        "prop-types": "15.5.10"
      }
    },
    "rc-select": {
      "version": "6.8.10",
      "resolved": "http://registry.npm.taobao.org/rc-select/download/rc-select-6.8.10.tgz",
      "integrity": "sha1-mY2YphwtYlVrTiOUkuiURl/ELjc=",
      "requires": {
        "babel-runtime": "6.26.0",
        "classnames": "2.2.5",
        "component-classes": "1.2.6",
        "dom-scroll-into-view": "1.2.1",
        "prop-types": "15.5.10",
        "rc-animate": "2.4.1",
        "rc-menu": "5.0.10",
        "rc-trigger": "1.11.3",
        "rc-util": "4.0.4",
        "warning": "2.1.0"
      },
      "dependencies": {
        "warning": {
          "version": "2.1.0",
          "resolved": "http://registry.npm.taobao.org/warning/download/warning-2.1.0.tgz",
          "integrity": "sha1-ISINnGOvx3qMkhEeARr3Bc4MaQE=",
          "requires": {
            "loose-envify": "1.3.1"
          }
        }
      }
    },
    "rc-slider": {
      "version": "8.2.0",
      "resolved": "http://registry.npm.taobao.org/rc-slider/download/rc-slider-8.2.0.tgz",
      "integrity": "sha1-rjfRcUTK1g4dpurA7k/8/qCwpug=",
      "requires": {
        "babel-runtime": "6.26.0",
        "classnames": "2.2.5",
        "prop-types": "15.5.10",
        "rc-tooltip": "3.4.8",
        "rc-util": "4.0.4",
        "shallowequal": "1.0.2",
        "warning": "3.0.0"
      }
    },
    "rc-steps": {
      "version": "2.5.1",
      "resolved": "http://registry.npm.taobao.org/rc-steps/download/rc-steps-2.5.1.tgz",
      "integrity": "sha1-w5aa6j+5hM7Ll3pKlqtjTXVqbcQ=",
      "requires": {
        "classnames": "2.2.5",
        "lodash.debounce": "4.0.8",
        "prop-types": "15.5.10"
      }
    },
    "rc-switch": {
      "version": "1.5.2",
      "resolved": "http://registry.npm.taobao.org/rc-switch/download/rc-switch-1.5.2.tgz",
      "integrity": "sha1-/13HKR61ViIR9kSCyeP6qLjRD44=",
      "requires": {
        "babel-runtime": "6.26.0",
        "classnames": "2.2.5",
        "prop-types": "15.5.10"
      }
    },
    "rc-table": {
      "version": "5.6.1",
      "resolved": "http://registry.npm.taobao.org/rc-table/download/rc-table-5.6.1.tgz",
      "integrity": "sha1-/11f8bi4ZnjWj6kMjktapDo+rbY=",
      "requires": {
        "babel-runtime": "6.26.0",
        "component-classes": "1.2.6",
        "lodash.get": "4.4.2",
        "prop-types": "15.5.10",
        "rc-util": "4.0.4",
        "shallowequal": "0.2.2",
        "warning": "3.0.0"
      },
      "dependencies": {
        "shallowequal": {
          "version": "0.2.2",
          "resolved": "http://registry.npm.taobao.org/shallowequal/download/shallowequal-0.2.2.tgz",
          "integrity": "sha1-HjL9W8q2rWiKSBLLDMBO/HXHAU4=",
          "requires": {
            "lodash.keys": "3.1.2"
          }
        }
      }
    },
    "rc-tabs": {
      "version": "9.1.4",
      "resolved": "http://registry.npm.taobao.org/rc-tabs/download/rc-tabs-9.1.4.tgz",
      "integrity": "sha1-/yemRK3p0OWoyPWlYe42Smr4xaM=",
      "requires": {
        "babel-runtime": "6.26.0",
        "classnames": "2.2.5",
        "create-react-class": "15.6.0",
        "lodash.debounce": "4.0.8",
        "prop-types": "15.5.10",
        "rc-hammerjs": "0.6.8",
        "rc-util": "4.0.4",
        "warning": "3.0.0"
      }
    },
    "rc-time-picker": {
      "version": "2.4.1",
      "resolved": "http://registry.npm.taobao.org/rc-time-picker/download/rc-time-picker-2.4.1.tgz",
      "integrity": "sha1-B049EgjogO2w2Zp7nMFbk1BdqMY=",
      "requires": {
        "babel-runtime": "6.26.0",
        "classnames": "2.2.5",
        "moment": "2.18.1",
        "prop-types": "15.5.10",
        "rc-trigger": "1.11.3"
      },
      "dependencies": {
        "moment": {
          "version": "2.18.1",
          "resolved": "http://registry.npm.taobao.org/moment/download/moment-2.18.1.tgz",
          "integrity": "sha1-w2GT3Tzhwu7SrbfIAtu8d6gbHA8="
        }
      }
    },
    "rc-tooltip": {
      "version": "3.4.8",
      "resolved": "http://registry.npm.taobao.org/rc-tooltip/download/rc-tooltip-3.4.8.tgz",
      "integrity": "sha1-SkIjdPV/OwD00ElBhjhQzt3STFY=",
      "requires": {
        "babel-runtime": "6.26.0",
        "prop-types": "15.5.10",
        "rc-trigger": "1.11.3"
      }
    },
    "rc-touchable": {
      "version": "1.2.3",
      "resolved": "http://registry.npm.taobao.org/rc-touchable/download/rc-touchable-1.2.3.tgz",
      "integrity": "sha1-X0mDJOPQubpgGpxINJWOqixxNhg=",
      "requires": {
        "babel-runtime": "6.26.0"
      }
    },
    "rc-tree": {
      "version": "1.7.3",
      "resolved": "http://registry.npm.taobao.org/rc-tree/download/rc-tree-1.7.3.tgz",
      "integrity": "sha1-6BTjUoPmMuUqvNlseL3vwnsVqZc=",
      "requires": {
        "babel-runtime": "6.26.0",
        "classnames": "2.2.5",
        "prop-types": "15.5.10",
        "rc-animate": "2.4.1",
        "rc-util": "4.0.4",
        "warning": "3.0.0"
      }
    },
    "rc-tree-select": {
      "version": "1.10.5",
      "resolved": "http://registry.npm.taobao.org/rc-tree-select/download/rc-tree-select-1.10.5.tgz",
      "integrity": "sha1-Cf1OZvZPATQQubhepBF3/bCHu3A=",
      "requires": {
        "babel-runtime": "6.26.0",
        "classnames": "2.2.5",
        "object-assign": "4.1.1",
        "prop-types": "15.5.10",
        "rc-animate": "2.4.1",
        "rc-tree": "1.7.3",
        "rc-trigger": "1.11.3",
        "rc-util": "4.0.4"
      }
    },
    "rc-trigger": {
      "version": "1.11.3",
      "resolved": "http://registry.npm.taobao.org/rc-trigger/download/rc-trigger-1.11.3.tgz",
      "integrity": "sha1-R7i1jghjwid+NnuG8c+inrYS21Y=",
      "requires": {
        "babel-runtime": "6.26.0",
        "create-react-class": "15.6.0",
        "prop-types": "15.5.10",
        "rc-align": "2.3.4",
        "rc-animate": "2.4.1",
        "rc-util": "4.0.4"
      }
    },
    "rc-upload": {
      "version": "2.4.0",
      "resolved": "http://registry.npm.taobao.org/rc-upload/download/rc-upload-2.4.0.tgz",
      "integrity": "sha1-pmT/nH3yUlCQRBz6Adk+fzm/w60=",
      "requires": {
        "babel-runtime": "6.26.0",
        "classnames": "2.2.5",
        "prop-types": "15.5.10",
        "warning": "2.1.0"
      },
      "dependencies": {
        "warning": {
          "version": "2.1.0",
          "resolved": "http://registry.npm.taobao.org/warning/download/warning-2.1.0.tgz",
          "integrity": "sha1-ISINnGOvx3qMkhEeARr3Bc4MaQE=",
          "requires": {
            "loose-envify": "1.3.1"
          }
        }
      }
    },
    "rc-util": {
      "version": "4.0.4",
      "resolved": "http://registry.npm.taobao.org/rc-util/download/rc-util-4.0.4.tgz",
      "integrity": "sha1-mYE92Qrufim2STmnCsF26tP0/zk=",
      "requires": {
        "add-dom-event-listener": "1.0.2",
        "babel-runtime": "6.26.0",
        "shallowequal": "0.2.2"
      },
      "dependencies": {
        "shallowequal": {
          "version": "0.2.2",
          "resolved": "http://registry.npm.taobao.org/shallowequal/download/shallowequal-0.2.2.tgz",
          "integrity": "sha1-HjL9W8q2rWiKSBLLDMBO/HXHAU4=",
          "requires": {
            "lodash.keys": "3.1.2"
          }
        }
      }
    },
    "react-lazy-load": {
      "version": "3.0.12",
      "resolved": "http://registry.npm.taobao.org/react-lazy-load/download/react-lazy-load-3.0.12.tgz",
      "integrity": "sha1-K4Qd/DIn6BGdAzGJ0slgzjhNDLk=",
      "requires": {
        "eventlistener": "0.0.1",
        "lodash.debounce": "4.0.8",
        "lodash.throttle": "4.1.1",
        "prop-types": "15.5.10"
      }
    },
    "react-slick": {
      "version": "0.14.11",
      "resolved": "http://registry.npm.taobao.org/react-slick/download/react-slick-0.14.11.tgz",
      "integrity": "sha1-wsvb43KMZqL/SSm+ltRX4+oNgPM=",
      "requires": {
        "can-use-dom": "0.1.0",
        "classnames": "2.2.5",
        "create-react-class": "15.6.0",
        "enquire.js": "2.1.6",
        "json2mq": "0.2.0",
        "object-assign": "4.1.1",
        "slick-carousel": "1.7.1"
      }
    },
    "regenerator-runtime": {
      "version": "0.11.0",
      "resolved": "http://registry.npm.taobao.org/regenerator-runtime/download/regenerator-runtime-0.11.0.tgz",
      "integrity": "sha1-flT+W1zNXWYk6mJVw0c74JC4AuE="
    },
    "setimmediate": {
      "version": "1.0.5",
      "resolved": "http://registry.npm.taobao.org/setimmediate/download/setimmediate-1.0.5.tgz",
      "integrity": "sha1-KQy7Iy4waULX1+qbg3Mqt4VvgoU="
    },
    "shallow-equal": {
      "version": "1.0.0",
      "resolved": "http://registry.npm.taobao.org/shallow-equal/download/shallow-equal-1.0.0.tgz",
      "integrity": "sha1-UI0YOLPeWQq4dXsBGyXkMJAJRfc="
    },
    "shallowequal": {
      "version": "1.0.2",
      "resolved": "http://registry.npm.taobao.org/shallowequal/download/shallowequal-1.0.2.tgz",
      "integrity": "sha1-FWHb3vuMAUCBADGQhXZNo/z4P48="
    },
    "slick-carousel": {
      "version": "1.7.1",
      "resolved": "http://registry.npm.taobao.org/slick-carousel/download/slick-carousel-1.7.1.tgz",
      "integrity": "sha1-UfVIm7tSISVCzL6fQmifgYvSntI=",
      "requires": {
        "jquery": "3.2.1"
      }
    },
    "string-convert": {
      "version": "0.2.1",
      "resolved": "http://registry.npm.taobao.org/string-convert/download/string-convert-0.2.1.tgz",
      "integrity": "sha1-aYLMMEn7tM2F+LJFaLnZvznu/5c="
    },
    "ua-parser-js": {
      "version": "0.7.14",
      "resolved": "http://registry.npm.taobao.org/ua-parser-js/download/ua-parser-js-0.7.14.tgz",
      "integrity": "sha1-EQ1T+kw/MmwSEpK76skE0uAzh8o="
    },
    "warning": {
      "version": "3.0.0",
      "resolved": "http://registry.npm.taobao.org/warning/download/warning-3.0.0.tgz",
      "integrity": "sha1-MuU3fLVy3kqwR1O9+IIcAe1gW3w=",
      "requires": {
        "loose-envify": "1.3.1"
      }
    },
    "whatwg-fetch": {
      "version": "2.0.3",
      "resolved": "http://registry.npm.taobao.org/whatwg-fetch/download/whatwg-fetch-2.0.3.tgz",
      "integrity": "sha1-nITsLc9oGH/wC8ZOEnS0QhduHIQ="
    },
    "wrappy": {
      "version": "1.0.2",
      "resolved": "https://registry.npmjs.org/wrappy/-/wrappy-1.0.2.tgz",
      "integrity": "sha1-tSQ9jz7BqjXxNkYFvA0QNuMKtp8=",
      "dev": true
    }
  }
}
